version: 1
generated_at: 2026-06-11T15:39:11Z
internal: []
trusted:
  - action: actions/checkout
    refs:
      - 34e114876b0b11c390a56381ad16ebd13914f8d5
    occurrences:
      34e114876b0b11c390a56381ad16ebd13914f8d5:
        .github/workflows/ci.yaml:
          - jobs.static.steps.[0].uses
          - jobs.test.steps.[0].uses
          - jobs.permit.steps.[0].uses
          - jobs.publish.steps.[0].uses
          - jobs.check_release.steps.[0].uses
        .github/workflows/dev-publish.yaml:
          - jobs.dev-publish.steps.[0].uses
  - action: runs-on/cache
    refs:
      - a5f51d6f3fece787d03b7b4e981c82538a0654ed
    occurrences:
      a5f51d6f3fece787d03b7b4e981c82538a0654ed:
        .github/workflows/ci.yaml:
          - jobs.static.steps.[4].uses
          - jobs.static.steps.[6].uses
          - jobs.test.steps.[4].uses
          - jobs.test.steps.[6].uses
  - action: runs-on/cache/restore
    refs:
      - a5f51d6f3fece787d03b7b4e981c82538a0654ed
    occurrences:
      a5f51d6f3fece787d03b7b4e981c82538a0654ed:
        .github/workflows/dev-publish.yaml:
          - jobs.dev-publish.steps.[2].uses
  - action: runs-on/cache/save
    refs:
      - a5f51d6f3fece787d03b7b4e981c82538a0654ed
    occurrences:
      a5f51d6f3fece787d03b7b4e981c82538a0654ed:
        .github/workflows/ci.yaml:
          - jobs.permit.steps.[3].uses
external:
  - action: erlef/setup-beam
    refs:
      - fc68ffb90438ef2936bbb3251622353b3dcb2f93
    occurrences:
      fc68ffb90438ef2936bbb3251622353b3dcb2f93:
        .github/workflows/ci.yaml:
          - jobs.static.steps.[1].uses
          - jobs.test.steps.[1].uses
          - jobs.publish.steps.[1].uses
        .github/workflows/dev-publish.yaml:
          - jobs.dev-publish.steps.[3].uses
local: []
docker: []
dynamic: []
