version: 1
generated_at: 2026-05-25T15:53:48Z
internal: []
trusted:
  - action: actions/checkout
    refs:
      - v4
    occurrences:
      v4:
        .github/workflows/ci.yaml:
          - jobs.static.steps.[0].uses
          - jobs.test.steps.[0].uses
          - jobs.permit.steps.[0].uses
          - jobs.publish.steps.[0].uses
          - jobs.check_release.steps.[0].uses
        .github/workflows/dev-publish.yaml:
          - jobs.dev-publish.steps.[0].uses
  - action: runs-on/cache
    refs:
      - v4
    occurrences:
      v4:
        .github/workflows/ci.yaml:
          - jobs.static.steps.[4].uses
          - jobs.static.steps.[6].uses
          - jobs.test.steps.[4].uses
          - jobs.test.steps.[6].uses
  - action: runs-on/cache/restore
    refs:
      - v4
    occurrences:
      v4:
        .github/workflows/dev-publish.yaml:
          - jobs.dev-publish.steps.[2].uses
  - action: runs-on/cache/save
    refs:
      - v4
    occurrences:
      v4:
        .github/workflows/ci.yaml:
          - jobs.permit.steps.[3].uses
external:
  - action: erlef/setup-beam
    refs:
      - fc68ffb90438ef2936bbb3251622353b3dcb2f93
    occurrences:
      fc68ffb90438ef2936bbb3251622353b3dcb2f93:
        .github/workflows/ci.yaml:
          - jobs.static.steps.[1].uses
          - jobs.test.steps.[1].uses
          - jobs.publish.steps.[1].uses
        .github/workflows/dev-publish.yaml:
          - jobs.dev-publish.steps.[3].uses
local: []
docker: []
dynamic: []
